
Microsoft Visual Studio Solution File, Format Version 12.00
# Visual Studio Version 17
VisualStudioVersion = 17.9.34728.123
MinimumVisualStudioVersion = 10.0.40219.1
Project("{9A19103F-16F7-4668-BE54-9A1E7A4F7556}") = "BlockChainP2P.WalletHandler", "BlockChainP2P.WalletHandler\BlockChainP2P.WalletHandler.csproj", "{5D8EA104-C1BB-4E0A-96AD-F89A2A91EB62}"
EndProject
Project("{9A19103F-16F7-4668-BE54-9A1E7A4F7556}") = "BlockChainP2P.WalletHandler.Test", "BlockChainP2P.WalletHandler.Test\BlockChainP2P.WalletHandler.Test.csproj", "{308090A7-49D0-4E52-9D05-227B5A375CB5}"
EndProject
Project("{9A19103F-16F7-4668-BE54-9A1E7A4F7556}") = "BlockChainP2P.P2PNetwork", "BlockChainP2P.P2PNetwork\BlockChainP2P.P2PNetwork.csproj", "{92BBC71C-E21E-46D5-9031-1F3C311C78C9}"
EndProject
Project("{9A19103F-16F7-4668-BE54-9A1E7A4F7556}") = "BlockChainP2P.P2PNetwork.Api", "BlockChainP2P.P2PNetwork.Api\BlockChainP2P.P2PNetwork.Api.csproj", "{6436C232-EE7F-4E83-A38B-06F36C305806}"
EndProject
Project("{9A19103F-16F7-4668-BE54-9A1E7A4F7556}") = "BlockChainP2P.P2PNetwork.Api.Manager", "BlockChainP2P.P2PNetwork.Api.Manager\BlockChainP2P.P2PNetwork.Api.Manager.csproj", "{30D5A82E-C7ED-4A4C-B62B-7B52A95D1C72}"
EndProject
Project("{9A19103F-16F7-4668-BE54-9A1E7A4F7556}") = "BlockChainP2P.P2PNetwork.Api.Persistence", "BlockChainP2P.P2PNetwork.Api.Persistence\BlockChainP2P.P2PNetwork.Api.Persistence.csproj", "{5FEEE3F7-6246-40F1-9925-17BCEA56E36D}"
EndProject
Project("{9A19103F-16F7-4668-BE54-9A1E7A4F7556}") = "BlockChainP2P.P2PNetwork.Api.Lib", "BlockChainP2P.P2PNetwork.Api.Lib\BlockChainP2P.P2PNetwork.Api.Lib.csproj", "{0667C421-9DDE-4C9F-953B-26925981DA34}"
EndProject
Global
	GlobalSection(SolutionConfigurationPlatforms) = preSolution
		Debug|Any CPU = Debug|Any CPU
		Release|Any CPU = Release|Any CPU
	EndGlobalSection
	GlobalSection(ProjectConfigurationPlatforms) = postSolution
		{5D8EA104-C1BB-4E0A-96AD-F89A2A91EB62}.Debug|Any CPU.ActiveCfg = Debug|Any CPU
		{5D8EA104-C1BB-4E0A-96AD-F89A2A91EB62}.Debug|Any CPU.Build.0 = Debug|Any CPU
		{5D8EA104-C1BB-4E0A-96AD-F89A2A91EB62}.Release|Any CPU.ActiveCfg = Release|Any CPU
		{5D8EA104-C1BB-4E0A-96AD-F89A2A91EB62}.Release|Any CPU.Build.0 = Release|Any CPU
		{308090A7-49D0-4E52-9D05-227B5A375CB5}.Debug|Any CPU.ActiveCfg = Debug|Any CPU
		{308090A7-49D0-4E52-9D05-227B5A375CB5}.Debug|Any CPU.Build.0 = Debug|Any CPU
		{308090A7-49D0-4E52-9D05-227B5A375CB5}.Release|Any CPU.ActiveCfg = Release|Any CPU
		{308090A7-49D0-4E52-9D05-227B5A375CB5}.Release|Any CPU.Build.0 = Release|Any CPU
		{92BBC71C-E21E-46D5-9031-1F3C311C78C9}.Debug|Any CPU.ActiveCfg = Debug|Any CPU
		{92BBC71C-E21E-46D5-9031-1F3C311C78C9}.Debug|Any CPU.Build.0 = Debug|Any CPU
		{92BBC71C-E21E-46D5-9031-1F3C311C78C9}.Release|Any CPU.ActiveCfg = Release|Any CPU
		{92BBC71C-E21E-46D5-9031-1F3C311C78C9}.Release|Any CPU.Build.0 = Release|Any CPU
		{6436C232-EE7F-4E83-A38B-06F36C305806}.Debug|Any CPU.ActiveCfg = Debug|Any CPU
		{6436C232-EE7F-4E83-A38B-06F36C305806}.Debug|Any CPU.Build.0 = Debug|Any CPU
		{6436C232-EE7F-4E83-A38B-06F36C305806}.Release|Any CPU.ActiveCfg = Release|Any CPU
		{6436C232-EE7F-4E83-A38B-06F36C305806}.Release|Any CPU.Build.0 = Release|Any CPU
		{30D5A82E-C7ED-4A4C-B62B-7B52A95D1C72}.Debug|Any CPU.ActiveCfg = Debug|Any CPU
		{30D5A82E-C7ED-4A4C-B62B-7B52A95D1C72}.Debug|Any CPU.Build.0 = Debug|Any CPU
		{30D5A82E-C7ED-4A4C-B62B-7B52A95D1C72}.Release|Any CPU.ActiveCfg = Release|Any CPU
		{30D5A82E-C7ED-4A4C-B62B-7B52A95D1C72}.Release|Any CPU.Build.0 = Release|Any CPU
		{5FEEE3F7-6246-40F1-9925-17BCEA56E36D}.Debug|Any CPU.ActiveCfg = Debug|Any CPU
		{5FEEE3F7-6246-40F1-9925-17BCEA56E36D}.Debug|Any CPU.Build.0 = Debug|Any CPU
		{5FEEE3F7-6246-40F1-9925-17BCEA56E36D}.Release|Any CPU.ActiveCfg = Release|Any CPU
		{5FEEE3F7-6246-40F1-9925-17BCEA56E36D}.Release|Any CPU.Build.0 = Release|Any CPU
		{0667C421-9DDE-4C9F-953B-26925981DA34}.Debug|Any CPU.ActiveCfg = Debug|Any CPU
		{0667C421-9DDE-4C9F-953B-26925981DA34}.Debug|Any CPU.Build.0 = Debug|Any CPU
		{0667C421-9DDE-4C9F-953B-26925981DA34}.Release|Any CPU.ActiveCfg = Release|Any CPU
		{0667C421-9DDE-4C9F-953B-26925981DA34}.Release|Any CPU.Build.0 = Release|Any CPU
	EndGlobalSection
	GlobalSection(SolutionProperties) = preSolution
		HideSolutionNode = FALSE
	EndGlobalSection
	GlobalSection(ExtensibilityGlobals) = postSolution
		SolutionGuid = {FAC737D8-AA36-4EC4-92A5-46287856B761}
	EndGlobalSection
EndGlobal
