
Microsoft Visual Studio Solution File, Format Version 12.00
# Visual Studio Version 17
VisualStudioVersion = 17.9.34728.123
MinimumVisualStudioVersion = 10.0.40219.1
Project("{FAE04EC0-301F-11D3-BF4B-00C04F79EFBC}") = "BlockChainP2PAPI.UsesHttp", "BlockChainP2PAPI.UsesHttp\BlockChainP2PAPI.UsesHttp.csproj", "{A47BFDCD-33DF-4DC2-8AA4-D22C78721EDF}"
EndProject
Project("{FAE04EC0-301F-11D3-BF4B-00C04F79EFBC}") = "BlockChainP2P.Lib", "BlockChainP2P.Lib\BlockChainP2P.Lib.csproj", "{60C33F33-E4BE-4AFE-B040-A373B31E0EE1}"
EndProject
Global
	GlobalSection(SolutionConfigurationPlatforms) = preSolution
		Debug|Any CPU = Debug|Any CPU
		Release|Any CPU = Release|Any CPU
	EndGlobalSection
	GlobalSection(ProjectConfigurationPlatforms) = postSolution
		{A47BFDCD-33DF-4DC2-8AA4-D22C78721EDF}.Debug|Any CPU.ActiveCfg = Debug|Any CPU
		{A47BFDCD-33DF-4DC2-8AA4-D22C78721EDF}.Debug|Any CPU.Build.0 = Debug|Any CPU
		{A47BFDCD-33DF-4DC2-8AA4-D22C78721EDF}.Release|Any CPU.ActiveCfg = Release|Any CPU
		{A47BFDCD-33DF-4DC2-8AA4-D22C78721EDF}.Release|Any CPU.Build.0 = Release|Any CPU
		{60C33F33-E4BE-4AFE-B040-A373B31E0EE1}.Debug|Any CPU.ActiveCfg = Debug|Any CPU
		{60C33F33-E4BE-4AFE-B040-A373B31E0EE1}.Debug|Any CPU.Build.0 = Debug|Any CPU
		{60C33F33-E4BE-4AFE-B040-A373B31E0EE1}.Release|Any CPU.ActiveCfg = Release|Any CPU
		{60C33F33-E4BE-4AFE-B040-A373B31E0EE1}.Release|Any CPU.Build.0 = Release|Any CPU
	EndGlobalSection
	GlobalSection(SolutionProperties) = preSolution
		HideSolutionNode = FALSE
	EndGlobalSection
	GlobalSection(ExtensibilityGlobals) = postSolution
		SolutionGuid = {FAC737D8-AA36-4EC4-92A5-46287856B761}
	EndGlobalSection
EndGlobal
